<?xml version="1.0" encoding="utf-8"?>
<Project ToolsVersion="4.0" xmlns="http://schemas.microsoft.com/developer/msbuild/2003">
  <ItemGroup>
    <Filter Include="Source Files">
      <UniqueIdentifier>{feab4079-7a2d-44a6-add3-4a9623a74f0e}</UniqueIdentifier>
      <Extensions>cpp;c;cxx;def;odl;idl;hpj;bat;asm</Extensions>
    </Filter>
    <Filter Include="Header Files">
      <UniqueIdentifier>{2ff05eb3-0c9d-4a85-a40b-00ce7ec043b7}</UniqueIdentifier>
      <Extensions>h;hpp;hxx;hm;inl;inc</Extensions>
    </Filter>
    <Filter Include="Resource Files">
      <UniqueIdentifier>{ed31cdcb-461e-4cf1-beea-73e5a9199c8f}</UniqueIdentifier>
      <Extensions>rc;ico;cur;bmp;dlg;rc2;rct;bin;rgs;gif;jpg;jpeg;jpe</Extensions>
    </Filter>
  </ItemGroup>
  <ItemGroup>
    <ClCompile Include="..\src\sdl\main.c">
      <Filter>Source Files</Filter>
    </ClCompile>
    <ClCompile Include="..\src\sdl\pcsound.c">
      <Filter>Source Files</Filter>
    </ClCompile>
    <ClCompile Include="..\src\swasynio.c">
      <Filter>Source Files</Filter>
    </ClCompile>
    <ClCompile Include="..\src\swauto.c">
      <Filter>Source Files</Filter>
    </ClCompile>
    <ClCompile Include="..\src\swcollsn.c">
      <Filter>Source Files</Filter>
    </ClCompile>
    <ClCompile Include="..\src\swconf.c">
      <Filter>Source Files</Filter>
    </ClCompile>
    <ClCompile Include="..\src\swdisp.c">
      <Filter>Source Files</Filter>
    </ClCompile>
    <ClCompile Include="..\src\swend.c">
      <Filter>Source Files</Filter>
    </ClCompile>
    <ClCompile Include="..\src\swgames.c">
      <Filter>Source Files</Filter>
    </ClCompile>
    <ClCompile Include="..\src\swground.c">
      <Filter>Source Files</Filter>
    </ClCompile>
    <ClCompile Include="..\src\swgrpha.c">
      <Filter>Source Files</Filter>
    </ClCompile>
    <ClCompile Include="..\src\swinit.c">
      <Filter>Source Files</Filter>
    </ClCompile>
    <ClCompile Include="..\src\swmain.c">
      <Filter>Source Files</Filter>
    </ClCompile>
    <ClCompile Include="..\src\swmove.c">
      <Filter>Source Files</Filter>
    </ClCompile>
    <ClCompile Include="..\src\swobject.c">
      <Filter>Source Files</Filter>
    </ClCompile>
    <ClCompile Include="..\src\swsound.c">
      <Filter>Source Files</Filter>
    </ClCompile>
    <ClCompile Include="..\src\swsplat.c">
      <Filter>Source Files</Filter>
    </ClCompile>
    <ClCompile Include="..\src\swstbar.c">
      <Filter>Source Files</Filter>
    </ClCompile>
    <ClCompile Include="..\src\swsymbol.c">
      <Filter>Source Files</Filter>
    </ClCompile>
    <ClCompile Include="..\src\swtext.c">
      <Filter>Source Files</Filter>
    </ClCompile>
    <ClCompile Include="..\src\swtitle.c">
      <Filter>Source Files</Filter>
    </ClCompile>
    <ClCompile Include="..\src\swutil.c">
      <Filter>Source Files</Filter>
    </ClCompile>
    <ClCompile Include="..\src\tcpcomm.c">
      <Filter>Source Files</Filter>
    </ClCompile>
    <ClCompile Include="..\src\sdl\timer.c">
      <Filter>Source Files</Filter>
    </ClCompile>
    <ClCompile Include="..\src\vid_vga.c">
      <Filter>Source Files</Filter>
    </ClCompile>
    <ClCompile Include="..\src\video.c">
      <Filter>Source Files</Filter>
    </ClCompile>
    <ClCompile Include="..\src\sdl\video.c">
      <Filter>Source Files</Filter>
    </ClCompile>
  </ItemGroup>
  <ItemGroup>
    <ClInclude Include="config.h">
      <Filter>Header Files</Filter>
    </ClInclude>
    <ClInclude Include="..\src\font.h">
      <Filter>Header Files</Filter>
    </ClInclude>
    <ClInclude Include="..\src\pcsound.h">
      <Filter>Header Files</Filter>
    </ClInclude>
    <ClInclude Include="..\src\std.h">
      <Filter>Header Files</Filter>
    </ClInclude>
    <ClInclude Include="..\src\sw.h">
      <Filter>Header Files</Filter>
    </ClInclude>
    <ClInclude Include="..\src\swasynio.h">
      <Filter>Header Files</Filter>
    </ClInclude>
    <ClInclude Include="..\src\swauto.h">
      <Filter>Header Files</Filter>
    </ClInclude>
    <ClInclude Include="..\src\swcollsn.h">
      <Filter>Header Files</Filter>
    </ClInclude>
    <ClInclude Include="..\src\swconf.h">
      <Filter>Header Files</Filter>
    </ClInclude>
    <ClInclude Include="..\src\swdisp.h">
      <Filter>Header Files</Filter>
    </ClInclude>
    <ClInclude Include="..\src\swend.h">
      <Filter>Header Files</Filter>
    </ClInclude>
    <ClInclude Include="..\src\swgames.h">
      <Filter>Header Files</Filter>
    </ClInclude>
    <ClInclude Include="..\src\swground.h">
      <Filter>Header Files</Filter>
    </ClInclude>
    <ClInclude Include="..\src\swgrpha.h">
      <Filter>Header Files</Filter>
    </ClInclude>
    <ClInclude Include="..\src\swinit.h">
      <Filter>Header Files</Filter>
    </ClInclude>
    <ClInclude Include="..\src\swmain.h">
      <Filter>Header Files</Filter>
    </ClInclude>
    <ClInclude Include="..\src\swmove.h">
      <Filter>Header Files</Filter>
    </ClInclude>
    <ClInclude Include="..\src\swobject.h">
      <Filter>Header Files</Filter>
    </ClInclude>
    <ClInclude Include="..\src\swsound.h">
      <Filter>Header Files</Filter>
    </ClInclude>
    <ClInclude Include="..\src\swsplat.h">
      <Filter>Header Files</Filter>
    </ClInclude>
    <ClInclude Include="..\src\swstbar.h">
      <Filter>Header Files</Filter>
    </ClInclude>
    <ClInclude Include="..\src\swsymbol.h">
      <Filter>Header Files</Filter>
    </ClInclude>
    <ClInclude Include="..\src\swtext.h">
      <Filter>Header Files</Filter>
    </ClInclude>
    <ClInclude Include="..\src\swtitle.h">
      <Filter>Header Files</Filter>
    </ClInclude>
    <ClInclude Include="..\src\swutil.h">
      <Filter>Header Files</Filter>
    </ClInclude>
    <ClInclude Include="..\src\tcpcomm.h">
      <Filter>Header Files</Filter>
    </ClInclude>
    <ClInclude Include="..\src\timer.h">
      <Filter>Header Files</Filter>
    </ClInclude>
    <ClInclude Include="..\src\video.h">
      <Filter>Header Files</Filter>
    </ClInclude>
  </ItemGroup>
</Project>